
Microsoft Visual Studio Solution File, Format Version 12.00
# Visual Studio 14
VisualStudioVersion = 14.0.25420.1
MinimumVisualStudioVersion = 10.0.40219.1
Project("{FAE04EC0-301F-11D3-BF4B-00C04F79EFBC}") = "Lilac", "Lilac\Lilac.csproj", "{940AF5DF-EBDE-4EFC-8B03-8CC3B1829DD0}"
EndProject
Project("{FAE04EC0-301F-11D3-BF4B-00C04F79EFBC}") = "Lilac.Tests", "Lilac.Tests\Lilac.Tests.csproj", "{0CB0C295-2B8D-4C7B-80BC-CD24C588C3CD}"
EndProject
Global
	GlobalSection(SolutionConfigurationPlatforms) = preSolution
		Debug|Any CPU = Debug|Any CPU
		Release|Any CPU = Release|Any CPU
	EndGlobalSection
	GlobalSection(ProjectConfigurationPlatforms) = postSolution
		{940AF5DF-EBDE-4EFC-8B03-8CC3B1829DD0}.Debug|Any CPU.ActiveCfg = Debug|Any CPU
		{940AF5DF-EBDE-4EFC-8B03-8CC3B1829DD0}.Debug|Any CPU.Build.0 = Debug|Any CPU
		{940AF5DF-EBDE-4EFC-8B03-8CC3B1829DD0}.Release|Any CPU.ActiveCfg = Release|Any CPU
		{940AF5DF-EBDE-4EFC-8B03-8CC3B1829DD0}.Release|Any CPU.Build.0 = Release|Any CPU
		{0CB0C295-2B8D-4C7B-80BC-CD24C588C3CD}.Debug|Any CPU.ActiveCfg = Debug|Any CPU
		{0CB0C295-2B8D-4C7B-80BC-CD24C588C3CD}.Debug|Any CPU.Build.0 = Debug|Any CPU
		{0CB0C295-2B8D-4C7B-80BC-CD24C588C3CD}.Release|Any CPU.ActiveCfg = Release|Any CPU
		{0CB0C295-2B8D-4C7B-80BC-CD24C588C3CD}.Release|Any CPU.Build.0 = Release|Any CPU
	EndGlobalSection
	GlobalSection(SolutionProperties) = preSolution
		HideSolutionNode = FALSE
	EndGlobalSection
EndGlobal
